// !$*UTF8*$!
{
	archiveVersion = 1;
	classes = {
	};
	objectVersion = 56;
	objects = {

/* Begin PBXBuildFile section */
		1AE3FFD69016FEF64FB2CC0D /* Pods_Leetcode_solutionsTests.framework in Frameworks */ = {isa = PBXBuildFile; fileRef = A39FB84D69C75F1A60682712 /* Pods_Leetcode_solutionsTests.framework */; };
		36A4070FB7F726354235B536 /* Pods_Leetcode_solutions_Leetcode_solutionsUITests.framework in Frameworks */ = {isa = PBXBuildFile; fileRef = D989BD09E4A4C805DC3E2866 /* Pods_Leetcode_solutions_Leetcode_solutionsUITests.framework */; };
		AFCAFC25F984F0D8A6DC7AD8 /* Pods_Leetcode_solutions.framework in Frameworks */ = {isa = PBXBuildFile; fileRef = B9566961E4D3833889CEF350 /* Pods_Leetcode_solutions.framework */; };
		E862778E2AB34982002120F4 /* Leetcode_solutionsApp.swift in Sources */ = {isa = PBXBuildFile; fileRef = E862778D2AB34982002120F4 /* Leetcode_solutionsApp.swift */; };
		E86277902AB34982002120F4 /* ContentView.swift in Sources */ = {isa = PBXBuildFile; fileRef = E862778F2AB34982002120F4 /* ContentView.swift */; };
		E86277922AB34983002120F4 /* Assets.xcassets in Resources */ = {isa = PBXBuildFile; fileRef = E86277912AB34983002120F4 /* Assets.xcassets */; };
		E86277952AB34983002120F4 /* Preview Assets.xcassets in Resources */ = {isa = PBXBuildFile; fileRef = E86277942AB34983002120F4 /* Preview Assets.xcassets */; };
		E862779F2AB34983002120F4 /* Leetcode_solutionsTests.swift in Sources */ = {isa = PBXBuildFile; fileRef = E862779E2AB34983002120F4 /* Leetcode_solutionsTests.swift */; };
		E86277A92AB34983002120F4 /* Leetcode_solutionsUITests.swift in Sources */ = {isa = PBXBuildFile; fileRef = E86277A82AB34983002120F4 /* Leetcode_solutionsUITests.swift */; };
		E86277AB2AB34983002120F4 /* Leetcode_solutionsUITestsLaunchTests.swift in Sources */ = {isa = PBXBuildFile; fileRef = E86277AA2AB34983002120F4 /* Leetcode_solutionsUITestsLaunchTests.swift */; };
		E86277BC2AB36693002120F4 /* CustomButton.swift in Sources */ = {isa = PBXBuildFile; fileRef = E86277BB2AB36693002120F4 /* CustomButton.swift */; };
		E86277BE2AB37446002120F4 /* ProblemSolutionExplained.swift in Sources */ = {isa = PBXBuildFile; fileRef = E86277BD2AB37446002120F4 /* ProblemSolutionExplained.swift */; };
		E86277C12AB37BFC002120F4 /* LongestSubstring.swift in Sources */ = {isa = PBXBuildFile; fileRef = E86277C02AB37BFC002120F4 /* LongestSubstring.swift */; };
		E8E4481D2AB3B5F5009FC40C /* GoogleService-Info.plist in Resources */ = {isa = PBXBuildFile; fileRef = E8E4481C2AB3B5F5009FC40C /* GoogleService-Info.plist */; };
		E8E448202AB3B821009FC40C /* AppDelegate.swift in Sources */ = {isa = PBXBuildFile; fileRef = E8E4481F2AB3B821009FC40C /* AppDelegate.swift */; };
		E8E448222AB3B8D1009FC40C /* SceneDelegate.swift in Sources */ = {isa = PBXBuildFile; fileRef = E8E448212AB3B8D1009FC40C /* SceneDelegate.swift */; };
/* End PBXBuildFile section */

/* Begin PBXContainerItemProxy section */
		E862779B2AB34983002120F4 /* PBXContainerItemProxy */ = {
			isa = PBXContainerItemProxy;
			containerPortal = E86277822AB34982002120F4 /* Project object */;
			proxyType = 1;
			remoteGlobalIDString = E86277892AB34982002120F4;
			remoteInfo = "Leetcode-solutions";
		};
		E86277A52AB34983002120F4 /* PBXContainerItemProxy */ = {
			isa = PBXContainerItemProxy;
			containerPortal = E86277822AB34982002120F4 /* Project object */;
			proxyType = 1;
			remoteGlobalIDString = E86277892AB34982002120F4;
			remoteInfo = "Leetcode-solutions";
		};
/* End PBXContainerItemProxy section */

/* Begin PBXFileReference section */
		77618ABD23A4685C3BE2C1D6 /* Pods-Leetcode-solutions.debug.xcconfig */ = {isa = PBXFileReference; includeInIndex = 1; lastKnownFileType = text.xcconfig; name = "Pods-Leetcode-solutions.debug.xcconfig"; path = "Target Support Files/Pods-Leetcode-solutions/Pods-Leetcode-solutions.debug.xcconfig"; sourceTree = "<group>"; };
		A39FB84D69C75F1A60682712 /* Pods_Leetcode_solutionsTests.framework */ = {isa = PBXFileReference; explicitFileType = wrapper.framework; includeInIndex = 0; path = Pods_Leetcode_solutionsTests.framework; sourceTree = BUILT_PRODUCTS_DIR; };
		B13B7A7CE980E19A72312484 /* Pods-Leetcode-solutions-Leetcode-solutionsUITests.release.xcconfig */ = {isa = PBXFileReference; includeInIndex = 1; lastKnownFileType = text.xcconfig; name = "Pods-Leetcode-solutions-Leetcode-solutionsUITests.release.xcconfig"; path = "Target Support Files/Pods-Leetcode-solutions-Leetcode-solutionsUITests/Pods-Leetcode-solutions-Leetcode-solutionsUITests.release.xcconfig"; sourceTree = "<group>"; };
		B9566961E4D3833889CEF350 /* Pods_Leetcode_solutions.framework */ = {isa = PBXFileReference; explicitFileType = wrapper.framework; includeInIndex = 0; path = Pods_Leetcode_solutions.framework; sourceTree = BUILT_PRODUCTS_DIR; };
		BA15E523391E7113F206BC4D /* Pods-Leetcode-solutions.release.xcconfig */ = {isa = PBXFileReference; includeInIndex = 1; lastKnownFileType = text.xcconfig; name = "Pods-Leetcode-solutions.release.xcconfig"; path = "Target Support Files/Pods-Leetcode-solutions/Pods-Leetcode-solutions.release.xcconfig"; sourceTree = "<group>"; };
		C268AC16EF606482F6838E45 /* Pods-Leetcode-solutions-Leetcode-solutionsUITests.debug.xcconfig */ = {isa = PBXFileReference; includeInIndex = 1; lastKnownFileType = text.xcconfig; name = "Pods-Leetcode-solutions-Leetcode-solutionsUITests.debug.xcconfig"; path = "Target Support Files/Pods-Leetcode-solutions-Leetcode-solutionsUITests/Pods-Leetcode-solutions-Leetcode-solutionsUITests.debug.xcconfig"; sourceTree = "<group>"; };
		CE4F1BF19A40CE151D1015A5 /* Pods-Leetcode-solutionsTests.release.xcconfig */ = {isa = PBXFileReference; includeInIndex = 1; lastKnownFileType = text.xcconfig; name = "Pods-Leetcode-solutionsTests.release.xcconfig"; path = "Target Support Files/Pods-Leetcode-solutionsTests/Pods-Leetcode-solutionsTests.release.xcconfig"; sourceTree = "<group>"; };
		D989BD09E4A4C805DC3E2866 /* Pods_Leetcode_solutions_Leetcode_solutionsUITests.framework */ = {isa = PBXFileReference; explicitFileType = wrapper.framework; includeInIndex = 0; path = Pods_Leetcode_solutions_Leetcode_solutionsUITests.framework; sourceTree = BUILT_PRODUCTS_DIR; };
		E862778A2AB34982002120F4 /* Leetcode-solutions.app */ = {isa = PBXFileReference; explicitFileType = wrapper.application; includeInIndex = 0; path = "Leetcode-solutions.app"; sourceTree = BUILT_PRODUCTS_DIR; };
		E862778D2AB34982002120F4 /* Leetcode_solutionsApp.swift */ = {isa = PBXFileReference; lastKnownFileType = sourcecode.swift; path = Leetcode_solutionsApp.swift; sourceTree = "<group>"; };
		E862778F2AB34982002120F4 /* ContentView.swift */ = {isa = PBXFileReference; lastKnownFileType = sourcecode.swift; path = ContentView.swift; sourceTree = "<group>"; };
		E86277912AB34983002120F4 /* Assets.xcassets */ = {isa = PBXFileReference; lastKnownFileType = folder.assetcatalog; path = Assets.xcassets; sourceTree = "<group>"; };
		E86277942AB34983002120F4 /* Preview Assets.xcassets */ = {isa = PBXFileReference; lastKnownFileType = folder.assetcatalog; path = "Preview Assets.xcassets"; sourceTree = "<group>"; };
		E862779A2AB34983002120F4 /* Leetcode-solutionsTests.xctest */ = {isa = PBXFileReference; explicitFileType = wrapper.cfbundle; includeInIndex = 0; path = "Leetcode-solutionsTests.xctest"; sourceTree = BUILT_PRODUCTS_DIR; };
		E862779E2AB34983002120F4 /* Leetcode_solutionsTests.swift */ = {isa = PBXFileReference; lastKnownFileType = sourcecode.swift; path = Leetcode_solutionsTests.swift; sourceTree = "<group>"; };
		E86277A42AB34983002120F4 /* Leetcode-solutionsUITests.xctest */ = {isa = PBXFileReference; explicitFileType = wrapper.cfbundle; includeInIndex = 0; path = "Leetcode-solutionsUITests.xctest"; sourceTree = BUILT_PRODUCTS_DIR; };
		E86277A82AB34983002120F4 /* Leetcode_solutionsUITests.swift */ = {isa = PBXFileReference; lastKnownFileType = sourcecode.swift; path = Leetcode_solutionsUITests.swift; sourceTree = "<group>"; };
		E86277AA2AB34983002120F4 /* Leetcode_solutionsUITestsLaunchTests.swift */ = {isa = PBXFileReference; lastKnownFileType = sourcecode.swift; path = Leetcode_solutionsUITestsLaunchTests.swift; sourceTree = "<group>"; };
		E86277BB2AB36693002120F4 /* CustomButton.swift */ = {isa = PBXFileReference; lastKnownFileType = sourcecode.swift; path = CustomButton.swift; sourceTree = "<group>"; };
		E86277BD2AB37446002120F4 /* ProblemSolutionExplained.swift */ = {isa = PBXFileReference; lastKnownFileType = sourcecode.swift; path = ProblemSolutionExplained.swift; sourceTree = "<group>"; };
		E86277C02AB37BFC002120F4 /* LongestSubstring.swift */ = {isa = PBXFileReference; lastKnownFileType = sourcecode.swift; path = LongestSubstring.swift; sourceTree = "<group>"; };
		E8E4481C2AB3B5F5009FC40C /* GoogleService-Info.plist */ = {isa = PBXFileReference; fileEncoding = 4; lastKnownFileType = text.plist.xml; path = "GoogleService-Info.plist"; sourceTree = "<group>"; };
		E8E4481F2AB3B821009FC40C /* AppDelegate.swift */ = {isa = PBXFileReference; lastKnownFileType = sourcecode.swift; path = AppDelegate.swift; sourceTree = "<group>"; };
		E8E448212AB3B8D1009FC40C /* SceneDelegate.swift */ = {isa = PBXFileReference; lastKnownFileType = sourcecode.swift; path = SceneDelegate.swift; sourceTree = "<group>"; };
		FDB7C30FC15F5CF41CA9CA70 /* Pods-Leetcode-solutionsTests.debug.xcconfig */ = {isa = PBXFileReference; includeInIndex = 1; lastKnownFileType = text.xcconfig; name = "Pods-Leetcode-solutionsTests.debug.xcconfig"; path = "Target Support Files/Pods-Leetcode-solutionsTests/Pods-Leetcode-solutionsTests.debug.xcconfig"; sourceTree = "<group>"; };
/* End PBXFileReference section */

/* Begin PBXFrameworksBuildPhase section */
		E86277872AB34982002120F4 /* Frameworks */ = {
			isa = PBXFrameworksBuildPhase;
			buildActionMask = 2147483647;
			files = (
				AFCAFC25F984F0D8A6DC7AD8 /* Pods_Leetcode_solutions.framework in Frameworks */,
			);
			runOnlyForDeploymentPostprocessing = 0;
		};
		E86277972AB34983002120F4 /* Frameworks */ = {
			isa = PBXFrameworksBuildPhase;
			buildActionMask = 2147483647;
			files = (
				1AE3FFD69016FEF64FB2CC0D /* Pods_Leetcode_solutionsTests.framework in Frameworks */,
			);
			runOnlyForDeploymentPostprocessing = 0;
		};
		E86277A12AB34983002120F4 /* Frameworks */ = {
			isa = PBXFrameworksBuildPhase;
			buildActionMask = 2147483647;
			files = (
				36A4070FB7F726354235B536 /* Pods_Leetcode_solutions_Leetcode_solutionsUITests.framework in Frameworks */,
			);
			runOnlyForDeploymentPostprocessing = 0;
		};
/* End PBXFrameworksBuildPhase section */

/* Begin PBXGroup section */
		25ED9B6222D45D4CA251B89A /* Pods */ = {
			isa = PBXGroup;
			children = (
				77618ABD23A4685C3BE2C1D6 /* Pods-Leetcode-solutions.debug.xcconfig */,
				BA15E523391E7113F206BC4D /* Pods-Leetcode-solutions.release.xcconfig */,
				C268AC16EF606482F6838E45 /* Pods-Leetcode-solutions-Leetcode-solutionsUITests.debug.xcconfig */,
				B13B7A7CE980E19A72312484 /* Pods-Leetcode-solutions-Leetcode-solutionsUITests.release.xcconfig */,
				FDB7C30FC15F5CF41CA9CA70 /* Pods-Leetcode-solutionsTests.debug.xcconfig */,
				CE4F1BF19A40CE151D1015A5 /* Pods-Leetcode-solutionsTests.release.xcconfig */,
			);
			path = Pods;
			sourceTree = "<group>";
		};
		39464E30CE94DEF549ECE208 /* Frameworks */ = {
			isa = PBXGroup;
			children = (
				B9566961E4D3833889CEF350 /* Pods_Leetcode_solutions.framework */,
				D989BD09E4A4C805DC3E2866 /* Pods_Leetcode_solutions_Leetcode_solutionsUITests.framework */,
				A39FB84D69C75F1A60682712 /* Pods_Leetcode_solutionsTests.framework */,
			);
			name = Frameworks;
			sourceTree = "<group>";
		};
		E86277812AB34982002120F4 = {
			isa = PBXGroup;
			children = (
				E862778C2AB34982002120F4 /* Leetcode-solutions */,
				E862779D2AB34983002120F4 /* Leetcode-solutionsTests */,
				E86277A72AB34983002120F4 /* Leetcode-solutionsUITests */,
				E862778B2AB34982002120F4 /* Products */,
				25ED9B6222D45D4CA251B89A /* Pods */,
				39464E30CE94DEF549ECE208 /* Frameworks */,
			);
			sourceTree = "<group>";
		};
		E862778B2AB34982002120F4 /* Products */ = {
			isa = PBXGroup;
			children = (
				E862778A2AB34982002120F4 /* Leetcode-solutions.app */,
				E862779A2AB34983002120F4 /* Leetcode-solutionsTests.xctest */,
				E86277A42AB34983002120F4 /* Leetcode-solutionsUITests.xctest */,
			);
			name = Products;
			sourceTree = "<group>";
		};
		E862778C2AB34982002120F4 /* Leetcode-solutions */ = {
			isa = PBXGroup;
			children = (
				E8E4481E2AB3B816009FC40C /* App */,
				E8E4481C2AB3B5F5009FC40C /* GoogleService-Info.plist */,
				E86277BF2AB37BE5002120F4 /* Model */,
				E86277B82AB36558002120F4 /* Components */,
				E86277B72AB36534002120F4 /* Scenes */,
				E862778D2AB34982002120F4 /* Leetcode_solutionsApp.swift */,
				E86277912AB34983002120F4 /* Assets.xcassets */,
				E86277932AB34983002120F4 /* Preview Content */,
			);
			path = "Leetcode-solutions";
			sourceTree = "<group>";
		};
		E86277932AB34983002120F4 /* Preview Content */ = {
			isa = PBXGroup;
			children = (
				E86277942AB34983002120F4 /* Preview Assets.xcassets */,
			);
			path = "Preview Content";
			sourceTree = "<group>";
		};
		E862779D2AB34983002120F4 /* Leetcode-solutionsTests */ = {
			isa = PBXGroup;
			children = (
				E862779E2AB34983002120F4 /* Leetcode_solutionsTests.swift */,
			);
			path = "Leetcode-solutionsTests";
			sourceTree = "<group>";
		};
		E86277A72AB34983002120F4 /* Leetcode-solutionsUITests */ = {
			isa = PBXGroup;
			children = (
				E86277A82AB34983002120F4 /* Leetcode_solutionsUITests.swift */,
				E86277AA2AB34983002120F4 /* Leetcode_solutionsUITestsLaunchTests.swift */,
			);
			path = "Leetcode-solutionsUITests";
			sourceTree = "<group>";
		};
		E86277B72AB36534002120F4 /* Scenes */ = {
			isa = PBXGroup;
			children = (
				E862778F2AB34982002120F4 /* ContentView.swift */,
				E86277BD2AB37446002120F4 /* ProblemSolutionExplained.swift */,
			);
			path = Scenes;
			sourceTree = "<group>";
		};
		E86277B82AB36558002120F4 /* Components */ = {
			isa = PBXGroup;
			children = (
				E86277BB2AB36693002120F4 /* CustomButton.swift */,
			);
			path = Components;
			sourceTree = "<group>";
		};
		E86277BF2AB37BE5002120F4 /* Model */ = {
			isa = PBXGroup;
			children = (
				E86277C02AB37BFC002120F4 /* LongestSubstring.swift */,
			);
			path = Model;
			sourceTree = "<group>";
		};
		E8E4481E2AB3B816009FC40C /* App */ = {
			isa = PBXGroup;
			children = (
				E8E4481F2AB3B821009FC40C /* AppDelegate.swift */,
				E8E448212AB3B8D1009FC40C /* SceneDelegate.swift */,
			);
			path = App;
			sourceTree = "<group>";
		};
/* End PBXGroup section */

/* Begin PBXNativeTarget section */
		E86277892AB34982002120F4 /* Leetcode-solutions */ = {
			isa = PBXNativeTarget;
			buildConfigurationList = E86277AE2AB34983002120F4 /* Build configuration list for PBXNativeTarget "Leetcode-solutions" */;
			buildPhases = (
				26383F37AF246E2AB123996A /* [CP] Check Pods Manifest.lock */,
				E86277862AB34982002120F4 /* Sources */,
				E86277872AB34982002120F4 /* Frameworks */,
				E86277882AB34982002120F4 /* Resources */,
				FE0F5661334AA0BCDB99E5A7 /* [CP] Embed Pods Frameworks */,
			);
			buildRules = (
			);
			dependencies = (
			);
			name = "Leetcode-solutions";
			productName = "Leetcode-solutions";
			productReference = E862778A2AB34982002120F4 /* Leetcode-solutions.app */;
			productType = "com.apple.product-type.application";
		};
		E86277992AB34983002120F4 /* Leetcode-solutionsTests */ = {
			isa = PBXNativeTarget;
			buildConfigurationList = E86277B12AB34983002120F4 /* Build configuration list for PBXNativeTarget "Leetcode-solutionsTests" */;
			buildPhases = (
				F14C91E009C8B641EF74DD8C /* [CP] Check Pods Manifest.lock */,
				E86277962AB34983002120F4 /* Sources */,
				E86277972AB34983002120F4 /* Frameworks */,
				E86277982AB34983002120F4 /* Resources */,
			);
			buildRules = (
			);
			dependencies = (
				E862779C2AB34983002120F4 /* PBXTargetDependency */,
			);
			name = "Leetcode-solutionsTests";
			productName = "Leetcode-solutionsTests";
			productReference = E862779A2AB34983002120F4 /* Leetcode-solutionsTests.xctest */;
			productType = "com.apple.product-type.bundle.unit-test";
		};
		E86277A32AB34983002120F4 /* Leetcode-solutionsUITests */ = {
			isa = PBXNativeTarget;
			buildConfigurationList = E86277B42AB34983002120F4 /* Build configuration list for PBXNativeTarget "Leetcode-solutionsUITests" */;
			buildPhases = (
				4BB458E35C1C18D4D16567D9 /* [CP] Check Pods Manifest.lock */,
				E86277A02AB34983002120F4 /* Sources */,
				E86277A12AB34983002120F4 /* Frameworks */,
				E86277A22AB34983002120F4 /* Resources */,
				9C28B75FDB21C43C435D2BAD /* [CP] Embed Pods Frameworks */,
			);
			buildRules = (
			);
			dependencies = (
				E86277A62AB34983002120F4 /* PBXTargetDependency */,
			);
			name = "Leetcode-solutionsUITests";
			productName = "Leetcode-solutionsUITests";
			productReference = E86277A42AB34983002120F4 /* Leetcode-solutionsUITests.xctest */;
			productType = "com.apple.product-type.bundle.ui-testing";
		};
/* End PBXNativeTarget section */

/* Begin PBXProject section */
		E86277822AB34982002120F4 /* Project object */ = {
			isa = PBXProject;
			attributes = {
				BuildIndependentTargetsInParallel = 1;
				LastSwiftUpdateCheck = 1430;
				LastUpgradeCheck = 1430;
				TargetAttributes = {
					E86277892AB34982002120F4 = {
						CreatedOnToolsVersion = 14.3.1;
					};
					E86277992AB34983002120F4 = {
						CreatedOnToolsVersion = 14.3.1;
						TestTargetID = E86277892AB34982002120F4;
					};
					E86277A32AB34983002120F4 = {
						CreatedOnToolsVersion = 14.3.1;
						TestTargetID = E86277892AB34982002120F4;
					};
				};
			};
			buildConfigurationList = E86277852AB34982002120F4 /* Build configuration list for PBXProject "Leetcode-solutions" */;
			compatibilityVersion = "Xcode 14.0";
			developmentRegion = en;
			hasScannedForEncodings = 0;
			knownRegions = (
				en,
				Base,
			);
			mainGroup = E86277812AB34982002120F4;
			productRefGroup = E862778B2AB34982002120F4 /* Products */;
			projectDirPath = "";
			projectRoot = "";
			targets = (
				E86277892AB34982002120F4 /* Leetcode-solutions */,
				E86277992AB34983002120F4 /* Leetcode-solutionsTests */,
				E86277A32AB34983002120F4 /* Leetcode-solutionsUITests */,
			);
		};
/* End PBXProject section */

/* Begin PBXResourcesBuildPhase section */
		E86277882AB34982002120F4 /* Resources */ = {
			isa = PBXResourcesBuildPhase;
			buildActionMask = 2147483647;
			files = (
				E86277952AB34983002120F4 /* Preview Assets.xcassets in Resources */,
				E86277922AB34983002120F4 /* Assets.xcassets in Resources */,
				E8E4481D2AB3B5F5009FC40C /* GoogleService-Info.plist in Resources */,
			);
			runOnlyForDeploymentPostprocessing = 0;
		};
		E86277982AB34983002120F4 /* Resources */ = {
			isa = PBXResourcesBuildPhase;
			buildActionMask = 2147483647;
			files = (
			);
			runOnlyForDeploymentPostprocessing = 0;
		};
		E86277A22AB34983002120F4 /* Resources */ = {
			isa = PBXResourcesBuildPhase;
			buildActionMask = 2147483647;
			files = (
			);
			runOnlyForDeploymentPostprocessing = 0;
		};
/* End PBXResourcesBuildPhase section */

/* Begin PBXShellScriptBuildPhase section */
		26383F37AF246E2AB123996A /* [CP] Check Pods Manifest.lock */ = {
			isa = PBXShellScriptBuildPhase;
			buildActionMask = 2147483647;
			files = (
			);
			inputFileListPaths = (
			);
			inputPaths = (
				"${PODS_PODFILE_DIR_PATH}/Podfile.lock",
				"${PODS_ROOT}/Manifest.lock",
			);
			name = "[CP] Check Pods Manifest.lock";
			outputFileListPaths = (
			);
			outputPaths = (
				"$(DERIVED_FILE_DIR)/Pods-Leetcode-solutions-checkManifestLockResult.txt",
			);
			runOnlyForDeploymentPostprocessing = 0;
			shellPath = /bin/sh;
			shellScript = "diff \"${PODS_PODFILE_DIR_PATH}/Podfile.lock\" \"${PODS_ROOT}/Manifest.lock\" > /dev/null\nif [ $? != 0 ] ; then\n    # print error to STDERR\n    echo \"error: The sandbox is not in sync with the Podfile.lock. Run 'pod install' or update your CocoaPods installation.\" >&2\n    exit 1\nfi\n# This output is used by Xcode 'outputs' to avoid re-running this script phase.\necho \"SUCCESS\" > \"${SCRIPT_OUTPUT_FILE_0}\"\n";
			showEnvVarsInLog = 0;
		};
		4BB458E35C1C18D4D16567D9 /* [CP] Check Pods Manifest.lock */ = {
			isa = PBXShellScriptBuildPhase;
			buildActionMask = 2147483647;
			files = (
			);
			inputFileListPaths = (
			);
			inputPaths = (
				"${PODS_PODFILE_DIR_PATH}/Podfile.lock",
				"${PODS_ROOT}/Manifest.lock",
			);
			name = "[CP] Check Pods Manifest.lock";
			outputFileListPaths = (
			);
			outputPaths = (
				"$(DERIVED_FILE_DIR)/Pods-Leetcode-solutions-Leetcode-solutionsUITests-checkManifestLockResult.txt",
			);
			runOnlyForDeploymentPostprocessing = 0;
			shellPath = /bin/sh;
			shellScript = "diff \"${PODS_PODFILE_DIR_PATH}/Podfile.lock\" \"${PODS_ROOT}/Manifest.lock\" > /dev/null\nif [ $? != 0 ] ; then\n    # print error to STDERR\n    echo \"error: The sandbox is not in sync with the Podfile.lock. Run 'pod install' or update your CocoaPods installation.\" >&2\n    exit 1\nfi\n# This output is used by Xcode 'outputs' to avoid re-running this script phase.\necho \"SUCCESS\" > \"${SCRIPT_OUTPUT_FILE_0}\"\n";
			showEnvVarsInLog = 0;
		};
		9C28B75FDB21C43C435D2BAD /* [CP] Embed Pods Frameworks */ = {
			isa = PBXShellScriptBuildPhase;
			buildActionMask = 2147483647;
			files = (
			);
			inputFileListPaths = (
				"${PODS_ROOT}/Target Support Files/Pods-Leetcode-solutions-Leetcode-solutionsUITests/Pods-Leetcode-solutions-Leetcode-solutionsUITests-frameworks-${CONFIGURATION}-input-files.xcfilelist",
			);
			name = "[CP] Embed Pods Frameworks";
			outputFileListPaths = (
				"${PODS_ROOT}/Target Support Files/Pods-Leetcode-solutions-Leetcode-solutionsUITests/Pods-Leetcode-solutions-Leetcode-solutionsUITests-frameworks-${CONFIGURATION}-output-files.xcfilelist",
			);
			runOnlyForDeploymentPostprocessing = 0;
			shellPath = /bin/sh;
			shellScript = "\"${PODS_ROOT}/Target Support Files/Pods-Leetcode-solutions-Leetcode-solutionsUITests/Pods-Leetcode-solutions-Leetcode-solutionsUITests-frameworks.sh\"\n";
			showEnvVarsInLog = 0;
		};
		F14C91E009C8B641EF74DD8C /* [CP] Check Pods Manifest.lock */ = {
			isa = PBXShellScriptBuildPhase;
			buildActionMask = 2147483647;
			files = (
			);
			inputFileListPaths = (
			);
			inputPaths = (
				"${PODS_PODFILE_DIR_PATH}/Podfile.lock",
				"${PODS_ROOT}/Manifest.lock",
			);
			name = "[CP] Check Pods Manifest.lock";
			outputFileListPaths = (
			);
			outputPaths = (
				"$(DERIVED_FILE_DIR)/Pods-Leetcode-solutionsTests-checkManifestLockResult.txt",
			);
			runOnlyForDeploymentPostprocessing = 0;
			shellPath = /bin/sh;
			shellScript = "diff \"${PODS_PODFILE_DIR_PATH}/Podfile.lock\" \"${PODS_ROOT}/Manifest.lock\" > /dev/null\nif [ $? != 0 ] ; then\n    # print error to STDERR\n    echo \"error: The sandbox is not in sync with the Podfile.lock. Run 'pod install' or update your CocoaPods installation.\" >&2\n    exit 1\nfi\n# This output is used by Xcode 'outputs' to avoid re-running this script phase.\necho \"SUCCESS\" > \"${SCRIPT_OUTPUT_FILE_0}\"\n";
			showEnvVarsInLog = 0;
		};
		FE0F5661334AA0BCDB99E5A7 /* [CP] Embed Pods Frameworks */ = {
			isa = PBXShellScriptBuildPhase;
			buildActionMask = 2147483647;
			files = (
			);
			inputFileListPaths = (
				"${PODS_ROOT}/Target Support Files/Pods-Leetcode-solutions/Pods-Leetcode-solutions-frameworks-${CONFIGURATION}-input-files.xcfilelist",
			);
			name = "[CP] Embed Pods Frameworks";
			outputFileListPaths = (
				"${PODS_ROOT}/Target Support Files/Pods-Leetcode-solutions/Pods-Leetcode-solutions-frameworks-${CONFIGURATION}-output-files.xcfilelist",
			);
			runOnlyForDeploymentPostprocessing = 0;
			shellPath = /bin/sh;
			shellScript = "\"${PODS_ROOT}/Target Support Files/Pods-Leetcode-solutions/Pods-Leetcode-solutions-frameworks.sh\"\n";
			showEnvVarsInLog = 0;
		};
/* End PBXShellScriptBuildPhase section */

/* Begin PBXSourcesBuildPhase section */
		E86277862AB34982002120F4 /* Sources */ = {
			isa = PBXSourcesBuildPhase;
			buildActionMask = 2147483647;
			files = (
				E8E448202AB3B821009FC40C /* AppDelegate.swift in Sources */,
				E8E448222AB3B8D1009FC40C /* SceneDelegate.swift in Sources */,
				E86277902AB34982002120F4 /* ContentView.swift in Sources */,
				E86277C12AB37BFC002120F4 /* LongestSubstring.swift in Sources */,
				E86277BE2AB37446002120F4 /* ProblemSolutionExplained.swift in Sources */,
				E862778E2AB34982002120F4 /* Leetcode_solutionsApp.swift in Sources */,
				E86277BC2AB36693002120F4 /* CustomButton.swift in Sources */,
			);
			runOnlyForDeploymentPostprocessing = 0;
		};
		E86277962AB34983002120F4 /* Sources */ = {
			isa = PBXSourcesBuildPhase;
			buildActionMask = 2147483647;
			files = (
				E862779F2AB34983002120F4 /* Leetcode_solutionsTests.swift in Sources */,
			);
			runOnlyForDeploymentPostprocessing = 0;
		};
		E86277A02AB34983002120F4 /* Sources */ = {
			isa = PBXSourcesBuildPhase;
			buildActionMask = 2147483647;
			files = (
				E86277AB2AB34983002120F4 /* Leetcode_solutionsUITestsLaunchTests.swift in Sources */,
				E86277A92AB34983002120F4 /* Leetcode_solutionsUITests.swift in Sources */,
			);
			runOnlyForDeploymentPostprocessing = 0;
		};
/* End PBXSourcesBuildPhase section */

/* Begin PBXTargetDependency section */
		E862779C2AB34983002120F4 /* PBXTargetDependency */ = {
			isa = PBXTargetDependency;
			target = E86277892AB34982002120F4 /* Leetcode-solutions */;
			targetProxy = E862779B2AB34983002120F4 /* PBXContainerItemProxy */;
		};
		E86277A62AB34983002120F4 /* PBXTargetDependency */ = {
			isa = PBXTargetDependency;
			target = E86277892AB34982002120F4 /* Leetcode-solutions */;
			targetProxy = E86277A52AB34983002120F4 /* PBXContainerItemProxy */;
		};
/* End PBXTargetDependency section */

/* Begin XCBuildConfiguration section */
		E86277AC2AB34983002120F4 /* Debug */ = {
			isa = XCBuildConfiguration;
			buildSettings = {
				ALWAYS_SEARCH_USER_PATHS = NO;
				CLANG_ANALYZER_NONNULL = YES;
				CLANG_ANALYZER_NUMBER_OBJECT_CONVERSION = YES_AGGRESSIVE;
				CLANG_CXX_LANGUAGE_STANDARD = "gnu++20";
				CLANG_ENABLE_MODULES = YES;
				CLANG_ENABLE_OBJC_ARC = YES;
				CLANG_ENABLE_OBJC_WEAK = YES;
				CLANG_WARN_BLOCK_CAPTURE_AUTORELEASING = YES;
				CLANG_WARN_BOOL_CONVERSION = YES;
				CLANG_WARN_COMMA = YES;
				CLANG_WARN_CONSTANT_CONVERSION = YES;
				CLANG_WARN_DEPRECATED_OBJC_IMPLEMENTATIONS = YES;
				CLANG_WARN_DIRECT_OBJC_ISA_USAGE = YES_ERROR;
				CLANG_WARN_DOCUMENTATION_COMMENTS = YES;
				CLANG_WARN_EMPTY_BODY = YES;
				CLANG_WARN_ENUM_CONVERSION = YES;
				CLANG_WARN_INFINITE_RECURSION = YES;
				CLANG_WARN_INT_CONVERSION = YES;
				CLANG_WARN_NON_LITERAL_NULL_CONVERSION = YES;
				CLANG_WARN_OBJC_IMPLICIT_RETAIN_SELF = YES;
				CLANG_WARN_OBJC_LITERAL_CONVERSION = YES;
				CLANG_WARN_OBJC_ROOT_CLASS = YES_ERROR;
				CLANG_WARN_QUOTED_INCLUDE_IN_FRAMEWORK_HEADER = YES;
				CLANG_WARN_RANGE_LOOP_ANALYSIS = YES;
				CLANG_WARN_STRICT_PROTOTYPES = YES;
				CLANG_WARN_SUSPICIOUS_MOVE = YES;
				CLANG_WARN_UNGUARDED_AVAILABILITY = YES_AGGRESSIVE;
				CLANG_WARN_UNREACHABLE_CODE = YES;
				CLANG_WARN__DUPLICATE_METHOD_MATCH = YES;
				COPY_PHASE_STRIP = NO;
				DEBUG_INFORMATION_FORMAT = dwarf;
				ENABLE_STRICT_OBJC_MSGSEND = YES;
				ENABLE_TESTABILITY = YES;
				GCC_C_LANGUAGE_STANDARD = gnu11;
				GCC_DYNAMIC_NO_PIC = NO;
				GCC_NO_COMMON_BLOCKS = YES;
				GCC_OPTIMIZATION_LEVEL = 0;
				GCC_PREPROCESSOR_DEFINITIONS = (
					"DEBUG=1",
					"$(inherited)",
				);
				GCC_WARN_64_TO_32_BIT_CONVERSION = YES;
				GCC_WARN_ABOUT_RETURN_TYPE = YES_ERROR;
				GCC_WARN_UNDECLARED_SELECTOR = YES;
				GCC_WARN_UNINITIALIZED_AUTOS = YES_AGGRESSIVE;
				GCC_WARN_UNUSED_FUNCTION = YES;
				GCC_WARN_UNUSED_VARIABLE = YES;
				IPHONEOS_DEPLOYMENT_TARGET = 16.4;
				MTL_ENABLE_DEBUG_INFO = INCLUDE_SOURCE;
				MTL_FAST_MATH = YES;
				ONLY_ACTIVE_ARCH = YES;
				SDKROOT = iphoneos;
				SWIFT_ACTIVE_COMPILATION_CONDITIONS = DEBUG;
				SWIFT_OPTIMIZATION_LEVEL = "-Onone";
			};
			name = Debug;
		};
		E86277AD2AB34983002120F4 /* Release */ = {
			isa = XCBuildConfiguration;
			buildSettings = {
				ALWAYS_SEARCH_USER_PATHS = NO;
				CLANG_ANALYZER_NONNULL = YES;
				CLANG_ANALYZER_NUMBER_OBJECT_CONVERSION = YES_AGGRESSIVE;
				CLANG_CXX_LANGUAGE_STANDARD = "gnu++20";
				CLANG_ENABLE_MODULES = YES;
				CLANG_ENABLE_OBJC_ARC = YES;
				CLANG_ENABLE_OBJC_WEAK = YES;
				CLANG_WARN_BLOCK_CAPTURE_AUTORELEASING = YES;
				CLANG_WARN_BOOL_CONVERSION = YES;
				CLANG_WARN_COMMA = YES;
				CLANG_WARN_CONSTANT_CONVERSION = YES;
				CLANG_WARN_DEPRECATED_OBJC_IMPLEMENTATIONS = YES;
				CLANG_WARN_DIRECT_OBJC_ISA_USAGE = YES_ERROR;
				CLANG_WARN_DOCUMENTATION_COMMENTS = YES;
				CLANG_WARN_EMPTY_BODY = YES;
				CLANG_WARN_ENUM_CONVERSION = YES;
				CLANG_WARN_INFINITE_RECURSION = YES;
				CLANG_WARN_INT_CONVERSION = YES;
				CLANG_WARN_NON_LITERAL_NULL_CONVERSION = YES;
				CLANG_WARN_OBJC_IMPLICIT_RETAIN_SELF = YES;
				CLANG_WARN_OBJC_LITERAL_CONVERSION = YES;
				CLANG_WARN_OBJC_ROOT_CLASS = YES_ERROR;
				CLANG_WARN_QUOTED_INCLUDE_IN_FRAMEWORK_HEADER = YES;
				CLANG_WARN_RANGE_LOOP_ANALYSIS = YES;
				CLANG_WARN_STRICT_PROTOTYPES = YES;
				CLANG_WARN_SUSPICIOUS_MOVE = YES;
				CLANG_WARN_UNGUARDED_AVAILABILITY = YES_AGGRESSIVE;
				CLANG_WARN_UNREACHABLE_CODE = YES;
				CLANG_WARN__DUPLICATE_METHOD_MATCH = YES;
				COPY_PHASE_STRIP = NO;
				DEBUG_INFORMATION_FORMAT = "dwarf-with-dsym";
				ENABLE_NS_ASSERTIONS = NO;
				ENABLE_STRICT_OBJC_MSGSEND = YES;
				GCC_C_LANGUAGE_STANDARD = gnu11;
				GCC_NO_COMMON_BLOCKS = YES;
				GCC_WARN_64_TO_32_BIT_CONVERSION = YES;
				GCC_WARN_ABOUT_RETURN_TYPE = YES_ERROR;
				GCC_WARN_UNDECLARED_SELECTOR = YES;
				GCC_WARN_UNINITIALIZED_AUTOS = YES_AGGRESSIVE;
				GCC_WARN_UNUSED_FUNCTION = YES;
				GCC_WARN_UNUSED_VARIABLE = YES;
				IPHONEOS_DEPLOYMENT_TARGET = 16.4;
				MTL_ENABLE_DEBUG_INFO = NO;
				MTL_FAST_MATH = YES;
				SDKROOT = iphoneos;
				SWIFT_COMPILATION_MODE = wholemodule;
				SWIFT_OPTIMIZATION_LEVEL = "-O";
				VALIDATE_PRODUCT = YES;
			};
			name = Release;
		};
		E86277AF2AB34983002120F4 /* Debug */ = {
			isa = XCBuildConfiguration;
			baseConfigurationReference = 77618ABD23A4685C3BE2C1D6 /* Pods-Leetcode-solutions.debug.xcconfig */;
			buildSettings = {
				ASSETCATALOG_COMPILER_APPICON_NAME = AppIcon;
				ASSETCATALOG_COMPILER_GLOBAL_ACCENT_COLOR_NAME = AccentColor;
				CODE_SIGN_STYLE = Automatic;
				CURRENT_PROJECT_VERSION = 1;
				DEVELOPMENT_ASSET_PATHS = "\"Leetcode-solutions/Preview Content\"";
				DEVELOPMENT_TEAM = PNPC8948LP;
				ENABLE_PREVIEWS = YES;
				GENERATE_INFOPLIST_FILE = YES;
				INFOPLIST_KEY_UIApplicationSceneManifest_Generation = YES;
				INFOPLIST_KEY_UIApplicationSupportsIndirectInputEvents = YES;
				INFOPLIST_KEY_UILaunchScreen_Generation = YES;
				INFOPLIST_KEY_UISupportedInterfaceOrientations_iPad = "UIInterfaceOrientationPortrait UIInterfaceOrientationPortraitUpsideDown UIInterfaceOrientationLandscapeLeft UIInterfaceOrientationLandscapeRight";
				INFOPLIST_KEY_UISupportedInterfaceOrientations_iPhone = "UIInterfaceOrientationPortrait UIInterfaceOrientationLandscapeLeft UIInterfaceOrientationLandscapeRight";
				LD_RUNPATH_SEARCH_PATHS = (
					"$(inherited)",
					"@executable_path/Frameworks",
				);
				MARKETING_VERSION = 1.0;
				PRODUCT_BUNDLE_IDENTIFIER = "douglasAmorim.Leetcode-solutions";
				PRODUCT_NAME = "$(TARGET_NAME)";
				SWIFT_EMIT_LOC_STRINGS = YES;
				SWIFT_VERSION = 5.0;
				TARGETED_DEVICE_FAMILY = "1,2";
			};
			name = Debug;
		};
		E86277B02AB34983002120F4 /* Release */ = {
			isa = XCBuildConfiguration;
			baseConfigurationReference = BA15E523391E7113F206BC4D /* Pods-Leetcode-solutions.release.xcconfig */;
			buildSettings = {
				ASSETCATALOG_COMPILER_APPICON_NAME = AppIcon;
				ASSETCATALOG_COMPILER_GLOBAL_ACCENT_COLOR_NAME = AccentColor;
				CODE_SIGN_STYLE = Automatic;
				CURRENT_PROJECT_VERSION = 1;
				DEVELOPMENT_ASSET_PATHS = "\"Leetcode-solutions/Preview Content\"";
				DEVELOPMENT_TEAM = PNPC8948LP;
				ENABLE_PREVIEWS = YES;
				GENERATE_INFOPLIST_FILE = YES;
				INFOPLIST_KEY_UIApplicationSceneManifest_Generation = YES;
				INFOPLIST_KEY_UIApplicationSupportsIndirectInputEvents = YES;
				INFOPLIST_KEY_UILaunchScreen_Generation = YES;
				INFOPLIST_KEY_UISupportedInterfaceOrientations_iPad = "UIInterfaceOrientationPortrait UIInterfaceOrientationPortraitUpsideDown UIInterfaceOrientationLandscapeLeft UIInterfaceOrientationLandscapeRight";
				INFOPLIST_KEY_UISupportedInterfaceOrientations_iPhone = "UIInterfaceOrientationPortrait UIInterfaceOrientationLandscapeLeft UIInterfaceOrientationLandscapeRight";
				LD_RUNPATH_SEARCH_PATHS = (
					"$(inherited)",
					"@executable_path/Frameworks",
				);
				MARKETING_VERSION = 1.0;
				PRODUCT_BUNDLE_IDENTIFIER = "douglasAmorim.Leetcode-solutions";
				PRODUCT_NAME = "$(TARGET_NAME)";
				SWIFT_EMIT_LOC_STRINGS = YES;
				SWIFT_VERSION = 5.0;
				TARGETED_DEVICE_FAMILY = "1,2";
			};
			name = Release;
		};
		E86277B22AB34983002120F4 /* Debug */ = {
			isa = XCBuildConfiguration;
			baseConfigurationReference = FDB7C30FC15F5CF41CA9CA70 /* Pods-Leetcode-solutionsTests.debug.xcconfig */;
			buildSettings = {
				ALWAYS_EMBED_SWIFT_STANDARD_LIBRARIES = YES;
				BUNDLE_LOADER = "$(TEST_HOST)";
				CODE_SIGN_STYLE = Automatic;
				CURRENT_PROJECT_VERSION = 1;
				DEVELOPMENT_TEAM = PNPC8948LP;
				GENERATE_INFOPLIST_FILE = YES;
				IPHONEOS_DEPLOYMENT_TARGET = 16.4;
				MARKETING_VERSION = 1.0;
				PRODUCT_BUNDLE_IDENTIFIER = "douglasAmorim.Leetcode-solutionsTests";
				PRODUCT_NAME = "$(TARGET_NAME)";
				SWIFT_EMIT_LOC_STRINGS = NO;
				SWIFT_VERSION = 5.0;
				TARGETED_DEVICE_FAMILY = "1,2";
				TEST_HOST = "$(BUILT_PRODUCTS_DIR)/Leetcode-solutions.app/$(BUNDLE_EXECUTABLE_FOLDER_PATH)/Leetcode-solutions";
			};
			name = Debug;
		};
		E86277B32AB34983002120F4 /* Release */ = {
			isa = XCBuildConfiguration;
			baseConfigurationReference = CE4F1BF19A40CE151D1015A5 /* Pods-Leetcode-solutionsTests.release.xcconfig */;
			buildSettings = {
				ALWAYS_EMBED_SWIFT_STANDARD_LIBRARIES = YES;
				BUNDLE_LOADER = "$(TEST_HOST)";
				CODE_SIGN_STYLE = Automatic;
				CURRENT_PROJECT_VERSION = 1;
				DEVELOPMENT_TEAM = PNPC8948LP;
				GENERATE_INFOPLIST_FILE = YES;
				IPHONEOS_DEPLOYMENT_TARGET = 16.4;
				MARKETING_VERSION = 1.0;
				PRODUCT_BUNDLE_IDENTIFIER = "douglasAmorim.Leetcode-solutionsTests";
				PRODUCT_NAME = "$(TARGET_NAME)";
				SWIFT_EMIT_LOC_STRINGS = NO;
				SWIFT_VERSION = 5.0;
				TARGETED_DEVICE_FAMILY = "1,2";
				TEST_HOST = "$(BUILT_PRODUCTS_DIR)/Leetcode-solutions.app/$(BUNDLE_EXECUTABLE_FOLDER_PATH)/Leetcode-solutions";
			};
			name = Release;
		};
		E86277B52AB34983002120F4 /* Debug */ = {
			isa = XCBuildConfiguration;
			baseConfigurationReference = C268AC16EF606482F6838E45 /* Pods-Leetcode-solutions-Leetcode-solutionsUITests.debug.xcconfig */;
			buildSettings = {
				ALWAYS_EMBED_SWIFT_STANDARD_LIBRARIES = YES;
				CODE_SIGN_STYLE = Automatic;
				CURRENT_PROJECT_VERSION = 1;
				DEVELOPMENT_TEAM = PNPC8948LP;
				GENERATE_INFOPLIST_FILE = YES;
				MARKETING_VERSION = 1.0;
				PRODUCT_BUNDLE_IDENTIFIER = "douglasAmorim.Leetcode-solutionsUITests";
				PRODUCT_NAME = "$(TARGET_NAME)";
				SWIFT_EMIT_LOC_STRINGS = NO;
				SWIFT_VERSION = 5.0;
				TARGETED_DEVICE_FAMILY = "1,2";
				TEST_TARGET_NAME = "Leetcode-solutions";
			};
			name = Debug;
		};
		E86277B62AB34983002120F4 /* Release */ = {
			isa = XCBuildConfiguration;
			baseConfigurationReference = B13B7A7CE980E19A72312484 /* Pods-Leetcode-solutions-Leetcode-solutionsUITests.release.xcconfig */;
			buildSettings = {
				ALWAYS_EMBED_SWIFT_STANDARD_LIBRARIES = YES;
				CODE_SIGN_STYLE = Automatic;
				CURRENT_PROJECT_VERSION = 1;
				DEVELOPMENT_TEAM = PNPC8948LP;
				GENERATE_INFOPLIST_FILE = YES;
				MARKETING_VERSION = 1.0;
				PRODUCT_BUNDLE_IDENTIFIER = "douglasAmorim.Leetcode-solutionsUITests";
				PRODUCT_NAME = "$(TARGET_NAME)";
				SWIFT_EMIT_LOC_STRINGS = NO;
				SWIFT_VERSION = 5.0;
				TARGETED_DEVICE_FAMILY = "1,2";
				TEST_TARGET_NAME = "Leetcode-solutions";
			};
			name = Release;
		};
/* End XCBuildConfiguration section */

/* Begin XCConfigurationList section */
		E86277852AB34982002120F4 /* Build configuration list for PBXProject "Leetcode-solutions" */ = {
			isa = XCConfigurationList;
			buildConfigurations = (
				E86277AC2AB34983002120F4 /* Debug */,
				E86277AD2AB34983002120F4 /* Release */,
			);
			defaultConfigurationIsVisible = 0;
			defaultConfigurationName = Release;
		};
		E86277AE2AB34983002120F4 /* Build configuration list for PBXNativeTarget "Leetcode-solutions" */ = {
			isa = XCConfigurationList;
			buildConfigurations = (
				E86277AF2AB34983002120F4 /* Debug */,
				E86277B02AB34983002120F4 /* Release */,
			);
			defaultConfigurationIsVisible = 0;
			defaultConfigurationName = Release;
		};
		E86277B12AB34983002120F4 /* Build configuration list for PBXNativeTarget "Leetcode-solutionsTests" */ = {
			isa = XCConfigurationList;
			buildConfigurations = (
				E86277B22AB34983002120F4 /* Debug */,
				E86277B32AB34983002120F4 /* Release */,
			);
			defaultConfigurationIsVisible = 0;
			defaultConfigurationName = Release;
		};
		E86277B42AB34983002120F4 /* Build configuration list for PBXNativeTarget "Leetcode-solutionsUITests" */ = {
			isa = XCConfigurationList;
			buildConfigurations = (
				E86277B52AB34983002120F4 /* Debug */,
				E86277B62AB34983002120F4 /* Release */,
			);
			defaultConfigurationIsVisible = 0;
			defaultConfigurationName = Release;
		};
/* End XCConfigurationList section */
	};
	rootObject = E86277822AB34982002120F4 /* Project object */;
}
